{
  "name": "app1",
  "lockfileVersion": 3,
  "requires": true,
  "packages": {
    "": {
      "name": "app1",
      "dependencies": {
        "sonic-framework": "file:../sonic-framework"
      }
    },
    "../sonic-framework": {},
    "node_modules/sonic-framework": {
      "resolved": "../sonic-framework",
      "link": true
    }
  }
}
